
Microsoft Visual Studio Solution File, Format Version 12.00
# Visual Studio Version 17
VisualStudioVersion = 17.4.33110.190
MinimumVisualStudioVersion = 10.0.40219.1
Project("{FAE04EC0-301F-11D3-BF4B-00C04F79EFBC}") = "ConsoleGame", "ConsoleGame.csproj", "{C5989FE0-FE31-4FEA-9C11-75C2D4B4C58A}"
EndProject
Global
	GlobalSection(SolutionConfigurationPlatforms) = preSolution
		Debug|Any CPU = Debug|Any CPU
		Release|Any CPU = Release|Any CPU
	EndGlobalSection
	GlobalSection(ProjectConfigurationPlatforms) = postSolution
		{C5989FE0-FE31-4FEA-9C11-75C2D4B4C58A}.Debug|Any CPU.ActiveCfg = Debug|Any CPU
		{C5989FE0-FE31-4FEA-9C11-75C2D4B4C58A}.Debug|Any CPU.Build.0 = Debug|Any CPU
		{C5989FE0-FE31-4FEA-9C11-75C2D4B4C58A}.Release|Any CPU.ActiveCfg = Release|Any CPU
		{C5989FE0-FE31-4FEA-9C11-75C2D4B4C58A}.Release|Any CPU.Build.0 = Release|Any CPU
	EndGlobalSection
	GlobalSection(SolutionProperties) = preSolution
		HideSolutionNode = FALSE
	EndGlobalSection
	GlobalSection(ExtensibilityGlobals) = postSolution
		SolutionGuid = {37F8FC5F-EF58-4541-86B2-2371F64ACB4D}
	EndGlobalSection
EndGlobal
