
Microsoft Visual Studio Solution File, Format Version 12.00
# Visual Studio Version 17
VisualStudioVersion = 17.4.33110.190
MinimumVisualStudioVersion = 10.0.40219.1
Project("{9A19103F-16F7-4668-BE54-9A1E7A4F7556}") = "ConsoleGame", "ConsoleGame.csproj", "{C5989FE0-FE31-4FEA-9C11-75C2D4B4C58A}"
EndProject
Project("{9A19103F-16F7-4668-BE54-9A1E7A4F7556}") = "Parameter_Modifier", "..\LectureResources\Parameter_Modifier.csproj", "{BD071359-0FA1-44EF-9E7B-D66E6A3F6A5C}"
EndProject
Project("{9A19103F-16F7-4668-BE54-9A1E7A4F7556}") = "NameSpcae", "..\NameSpcae\NameSpcae.csproj", "{2082CDC2-525F-4048-81E9-D62092225A78}"
EndProject
Project("{FAE04EC0-301F-11D3-BF4B-00C04F79EFBC}") = "Property", "..\Property\Property.csproj", "{3A346F2A-ADF1-471B-A068-8E0946AC2698}"
EndProject
Global
	GlobalSection(SolutionConfigurationPlatforms) = preSolution
		Debug|Any CPU = Debug|Any CPU
		Release|Any CPU = Release|Any CPU
	EndGlobalSection
	GlobalSection(ProjectConfigurationPlatforms) = postSolution
		{C5989FE0-FE31-4FEA-9C11-75C2D4B4C58A}.Debug|Any CPU.ActiveCfg = Debug|Any CPU
		{C5989FE0-FE31-4FEA-9C11-75C2D4B4C58A}.Debug|Any CPU.Build.0 = Debug|Any CPU
		{C5989FE0-FE31-4FEA-9C11-75C2D4B4C58A}.Release|Any CPU.ActiveCfg = Release|Any CPU
		{C5989FE0-FE31-4FEA-9C11-75C2D4B4C58A}.Release|Any CPU.Build.0 = Release|Any CPU
		{BD071359-0FA1-44EF-9E7B-D66E6A3F6A5C}.Debug|Any CPU.ActiveCfg = Debug|Any CPU
		{BD071359-0FA1-44EF-9E7B-D66E6A3F6A5C}.Debug|Any CPU.Build.0 = Debug|Any CPU
		{BD071359-0FA1-44EF-9E7B-D66E6A3F6A5C}.Release|Any CPU.ActiveCfg = Release|Any CPU
		{BD071359-0FA1-44EF-9E7B-D66E6A3F6A5C}.Release|Any CPU.Build.0 = Release|Any CPU
		{2082CDC2-525F-4048-81E9-D62092225A78}.Debug|Any CPU.ActiveCfg = Debug|Any CPU
		{2082CDC2-525F-4048-81E9-D62092225A78}.Debug|Any CPU.Build.0 = Debug|Any CPU
		{2082CDC2-525F-4048-81E9-D62092225A78}.Release|Any CPU.ActiveCfg = Release|Any CPU
		{2082CDC2-525F-4048-81E9-D62092225A78}.Release|Any CPU.Build.0 = Release|Any CPU
		{3A346F2A-ADF1-471B-A068-8E0946AC2698}.Debug|Any CPU.ActiveCfg = Debug|Any CPU
		{3A346F2A-ADF1-471B-A068-8E0946AC2698}.Debug|Any CPU.Build.0 = Debug|Any CPU
		{3A346F2A-ADF1-471B-A068-8E0946AC2698}.Release|Any CPU.ActiveCfg = Release|Any CPU
		{3A346F2A-ADF1-471B-A068-8E0946AC2698}.Release|Any CPU.Build.0 = Release|Any CPU
	EndGlobalSection
	GlobalSection(SolutionProperties) = preSolution
		HideSolutionNode = FALSE
	EndGlobalSection
	GlobalSection(ExtensibilityGlobals) = postSolution
		SolutionGuid = {37F8FC5F-EF58-4541-86B2-2371F64ACB4D}
	EndGlobalSection
EndGlobal
